
Microsoft Visual Studio Solution File, Format Version 12.00
# Visual Studio Version 16
VisualStudioVersion = 16.0.32106.194
MinimumVisualStudioVersion = 10.0.40219.1
Project("{FAE04EC0-301F-11D3-BF4B-00C04F79EFBC}") = "CalculatorTryCatch", "CalculatorTryCatch\CalculatorTryCatch.csproj", "{F09603F9-20C4-4AF7-B138-CBA238EA00A7}"
EndProject
Global
	GlobalSection(SolutionConfigurationPlatforms) = preSolution
		Debug|Any CPU = Debug|Any CPU
		Release|Any CPU = Release|Any CPU
	EndGlobalSection
	GlobalSection(ProjectConfigurationPlatforms) = postSolution
		{F09603F9-20C4-4AF7-B138-CBA238EA00A7}.Debug|Any CPU.ActiveCfg = Debug|Any CPU
		{F09603F9-20C4-4AF7-B138-CBA238EA00A7}.Debug|Any CPU.Build.0 = Debug|Any CPU
		{F09603F9-20C4-4AF7-B138-CBA238EA00A7}.Release|Any CPU.ActiveCfg = Release|Any CPU
		{F09603F9-20C4-4AF7-B138-CBA238EA00A7}.Release|Any CPU.Build.0 = Release|Any CPU
	EndGlobalSection
	GlobalSection(SolutionProperties) = preSolution
		HideSolutionNode = FALSE
	EndGlobalSection
	GlobalSection(ExtensibilityGlobals) = postSolution
		SolutionGuid = {0B6AA4B0-99EB-45D8-A087-E1333F5335F8}
	EndGlobalSection
EndGlobal
